
Microsoft Visual Studio Solution File, Format Version 12.00
# Visual Studio 2012
Project("{FAE04EC0-301F-11D3-BF4B-00C04F79EFBC}") = "Checkers.UI", "Checkers.UI\Checkers.UI.csproj", "{7963BA75-EC3D-4CC9-B9F9-E58526D4D04B}"
EndProject
Global
	GlobalSection(SolutionConfigurationPlatforms) = preSolution
		Debug|Any CPU = Debug|Any CPU
		Release|Any CPU = Release|Any CPU
	EndGlobalSection
	GlobalSection(ProjectConfigurationPlatforms) = postSolution
		{7963BA75-EC3D-4CC9-B9F9-E58526D4D04B}.Debug|Any CPU.ActiveCfg = Debug|Any CPU
		{7963BA75-EC3D-4CC9-B9F9-E58526D4D04B}.Debug|Any CPU.Build.0 = Debug|Any CPU
		{7963BA75-EC3D-4CC9-B9F9-E58526D4D04B}.Release|Any CPU.ActiveCfg = Release|Any CPU
		{7963BA75-EC3D-4CC9-B9F9-E58526D4D04B}.Release|Any CPU.Build.0 = Release|Any CPU
	EndGlobalSection
	GlobalSection(SolutionProperties) = preSolution
		HideSolutionNode = FALSE
	EndGlobalSection
EndGlobal
